
Microsoft Visual Studio Solution File, Format Version 12.00
# Visual Studio Version 16
VisualStudioVersion = 16.0.32602.290
MinimumVisualStudioVersion = 10.0.40219.1
Project("{FAE04EC0-301F-11D3-BF4B-00C04F79EFBC}") = "Tema3-Calculadora", "Tema3-Calculadora\Tema3-Calculadora.csproj", "{F5027F40-DA15-4832-929D-24D16FF590DB}"
EndProject
Global
	GlobalSection(SolutionConfigurationPlatforms) = preSolution
		Debug|Any CPU = Debug|Any CPU
		Release|Any CPU = Release|Any CPU
	EndGlobalSection
	GlobalSection(ProjectConfigurationPlatforms) = postSolution
		{F5027F40-DA15-4832-929D-24D16FF590DB}.Debug|Any CPU.ActiveCfg = Debug|Any CPU
		{F5027F40-DA15-4832-929D-24D16FF590DB}.Debug|Any CPU.Build.0 = Debug|Any CPU
		{F5027F40-DA15-4832-929D-24D16FF590DB}.Release|Any CPU.ActiveCfg = Release|Any CPU
		{F5027F40-DA15-4832-929D-24D16FF590DB}.Release|Any CPU.Build.0 = Release|Any CPU
	EndGlobalSection
	GlobalSection(SolutionProperties) = preSolution
		HideSolutionNode = FALSE
	EndGlobalSection
	GlobalSection(ExtensibilityGlobals) = postSolution
		SolutionGuid = {6751C3B1-ACBE-47E4-8B30-DC152669520C}
	EndGlobalSection
EndGlobal
